
Microsoft Visual Studio Solution File, Format Version 12.00
# Visual Studio Version 17
VisualStudioVersion = 17.6.33723.286
MinimumVisualStudioVersion = 10.0.40219.1
Project("{FAE04EC0-301F-11D3-BF4B-00C04F79EFBC}") = "BookComicsWebApi", "BookComicsWebApi\BookComicsWebApi.csproj", "{B75059DA-754D-4139-AB58-80EED326DA4C}"
EndProject
Project("{FAE04EC0-301F-11D3-BF4B-00C04F79EFBC}") = "BookComicsClient", "BookComicsClient\BookComicsClient.csproj", "{4F0633A3-C484-41B5-BDBC-2289DA68854D}"
EndProject
Global
	GlobalSection(SolutionConfigurationPlatforms) = preSolution
		Debug|Any CPU = Debug|Any CPU
		Release|Any CPU = Release|Any CPU
	EndGlobalSection
	GlobalSection(ProjectConfigurationPlatforms) = postSolution
		{B75059DA-754D-4139-AB58-80EED326DA4C}.Debug|Any CPU.ActiveCfg = Debug|Any CPU
		{B75059DA-754D-4139-AB58-80EED326DA4C}.Debug|Any CPU.Build.0 = Debug|Any CPU
		{B75059DA-754D-4139-AB58-80EED326DA4C}.Release|Any CPU.ActiveCfg = Release|Any CPU
		{B75059DA-754D-4139-AB58-80EED326DA4C}.Release|Any CPU.Build.0 = Release|Any CPU
		{4F0633A3-C484-41B5-BDBC-2289DA68854D}.Debug|Any CPU.ActiveCfg = Debug|Any CPU
		{4F0633A3-C484-41B5-BDBC-2289DA68854D}.Debug|Any CPU.Build.0 = Debug|Any CPU
		{4F0633A3-C484-41B5-BDBC-2289DA68854D}.Release|Any CPU.ActiveCfg = Release|Any CPU
		{4F0633A3-C484-41B5-BDBC-2289DA68854D}.Release|Any CPU.Build.0 = Release|Any CPU
	EndGlobalSection
	GlobalSection(SolutionProperties) = preSolution
		HideSolutionNode = FALSE
	EndGlobalSection
	GlobalSection(ExtensibilityGlobals) = postSolution
		SolutionGuid = {C4D8DB61-6F79-493A-BA2D-FCCABDAD3B66}
	EndGlobalSection
EndGlobal
